
Microsoft Visual Studio Solution File, Format Version 12.00
# Visual Studio Version 17
VisualStudioVersion = 17.6.33829.357
MinimumVisualStudioVersion = 10.0.40219.1
Project("{FAE04EC0-301F-11D3-BF4B-00C04F79EFBC}") = "BKParser", "BKParser\BKParser.csproj", "{738F1C50-6B8C-4CC6-ADE0-005E2847BB0B}"
EndProject
Global
	GlobalSection(SolutionConfigurationPlatforms) = preSolution
		Debug|Any CPU = Debug|Any CPU
		Release|Any CPU = Release|Any CPU
	EndGlobalSection
	GlobalSection(ProjectConfigurationPlatforms) = postSolution
		{738F1C50-6B8C-4CC6-ADE0-005E2847BB0B}.Debug|Any CPU.ActiveCfg = Debug|Any CPU
		{738F1C50-6B8C-4CC6-ADE0-005E2847BB0B}.Debug|Any CPU.Build.0 = Debug|Any CPU
		{738F1C50-6B8C-4CC6-ADE0-005E2847BB0B}.Release|Any CPU.ActiveCfg = Release|Any CPU
		{738F1C50-6B8C-4CC6-ADE0-005E2847BB0B}.Release|Any CPU.Build.0 = Release|Any CPU
	EndGlobalSection
	GlobalSection(SolutionProperties) = preSolution
		HideSolutionNode = FALSE
	EndGlobalSection
	GlobalSection(ExtensibilityGlobals) = postSolution
		SolutionGuid = {56E9801A-49E6-4399-8AEC-FD579C1359E1}
	EndGlobalSection
EndGlobal
